Microsoft Visual Studio Solution File, Format Version 12.00
# Visual Studio Version 17
VisualStudioVersion = 17.5.2.0
MinimumVisualStudioVersion = 10.0.40219.1
Project("{FAE04EC0-301F-11D3-BF4B-00C04F79EFBC}") = "PPApp", "PPApp\PPApp.csproj", "{B8CBC66E-7930-83D8-6818-9577549D0FA9}"
EndProject
Global
	GlobalSection(SolutionConfigurationPlatforms) = preSolution
		Debug|Any CPU = Debug|Any CPU
		Release|Any CPU = Release|Any CPU
	EndGlobalSection
	GlobalSection(ProjectConfigurationPlatforms) = postSolution
		{B8CBC66E-7930-83D8-6818-9577549D0FA9}.Debug|Any CPU.ActiveCfg = Debug|Any CPU
		{B8CBC66E-7930-83D8-6818-9577549D0FA9}.Debug|Any CPU.Build.0 = Debug|Any CPU
		{B8CBC66E-7930-83D8-6818-9577549D0FA9}.Release|Any CPU.ActiveCfg = Release|Any CPU
		{B8CBC66E-7930-83D8-6818-9577549D0FA9}.Release|Any CPU.Build.0 = Release|Any CPU
	EndGlobalSection
	GlobalSection(SolutionProperties) = preSolution
		HideSolutionNode = FALSE
	EndGlobalSection
	GlobalSection(ExtensibilityGlobals) = postSolution
		SolutionGuid = {B890C173-4AF3-4688-8063-D22630E006E2}
	EndGlobalSection
EndGlobal
