Microsoft Visual Studio Solution File, Format Version 12.00
# Visual Studio Version 17
VisualStudioVersion = 17.5.2.0
MinimumVisualStudioVersion = 10.0.40219.1
Project("{FAE04EC0-301F-11D3-BF4B-00C04F79EFBC}") = "PPApp", "PPApp.csproj", "{9013084F-B3D1-60F5-F7C6-924BB2B7209C}"
EndProject
Global
	GlobalSection(SolutionConfigurationPlatforms) = preSolution
		Debug|Any CPU = Debug|Any CPU
		Release|Any CPU = Release|Any CPU
	EndGlobalSection
	GlobalSection(ProjectConfigurationPlatforms) = postSolution
		{9013084F-B3D1-60F5-F7C6-924BB2B7209C}.Debug|Any CPU.ActiveCfg = Debug|Any CPU
		{9013084F-B3D1-60F5-F7C6-924BB2B7209C}.Debug|Any CPU.Build.0 = Debug|Any CPU
		{9013084F-B3D1-60F5-F7C6-924BB2B7209C}.Release|Any CPU.ActiveCfg = Release|Any CPU
		{9013084F-B3D1-60F5-F7C6-924BB2B7209C}.Release|Any CPU.Build.0 = Release|Any CPU
	EndGlobalSection
	GlobalSection(SolutionProperties) = preSolution
		HideSolutionNode = FALSE
	EndGlobalSection
	GlobalSection(ExtensibilityGlobals) = postSolution
		SolutionGuid = {A5944598-D238-4D44-B6FB-5427ECF30A04}
	EndGlobalSection
EndGlobal
